
Microsoft Visual Studio Solution File, Format Version 12.00
# Visual Studio Version 16
VisualStudioVersion = 16.0.29519.181
MinimumVisualStudioVersion = 10.0.40219.1
Project("{FAE04EC0-301F-11D3-BF4B-00C04F79EFBC}") = "SignalRCoreWebRTC", "SignalRCoreWebRTC\SignalRCoreWebRTC.csproj", "{09C87342-3D8E-4553-99DA-42D31287A385}"
EndProject
Global
	GlobalSection(SolutionConfigurationPlatforms) = preSolution
		Debug|Any CPU = Debug|Any CPU
		Release|Any CPU = Release|Any CPU
	EndGlobalSection
	GlobalSection(ProjectConfigurationPlatforms) = postSolution
		{09C87342-3D8E-4553-99DA-42D31287A385}.Debug|Any CPU.ActiveCfg = Debug|Any CPU
		{09C87342-3D8E-4553-99DA-42D31287A385}.Debug|Any CPU.Build.0 = Debug|Any CPU
		{09C87342-3D8E-4553-99DA-42D31287A385}.Release|Any CPU.ActiveCfg = Release|Any CPU
		{09C87342-3D8E-4553-99DA-42D31287A385}.Release|Any CPU.Build.0 = Release|Any CPU
	EndGlobalSection
	GlobalSection(SolutionProperties) = preSolution
		HideSolutionNode = FALSE
	EndGlobalSection
	GlobalSection(ExtensibilityGlobals) = postSolution
		SolutionGuid = {114582C7-49D1-4811-B274-119A0C4E33ED}
	EndGlobalSection
EndGlobal
